
Microsoft Visual Studio Solution File, Format Version 12.00
# Visual Studio Version 16
VisualStudioVersion = 16.0.30621.155
MinimumVisualStudioVersion = 10.0.40219.1
Project("{9A19103F-16F7-4668-BE54-9A1E7A4F7556}") = "ReHackt.Queryable.Extensions", "ReHackt.Queryable.Extensions.csproj", "{ED3D5852-0E88-4B23-98B7-586E6446A533}"
EndProject
Project("{9A19103F-16F7-4668-BE54-9A1E7A4F7556}") = "ReHackt.Queryable.Extensions.UnitTests", "..\tests\ReHackt.Queryable.Extensions.UnitTests.csproj", "{DBC5B045-34DA-4F92-8E35-19FC48D19ECF}"
EndProject
Global
	GlobalSection(SolutionConfigurationPlatforms) = preSolution
		Debug|Any CPU = Debug|Any CPU
		Release|Any CPU = Release|Any CPU
	EndGlobalSection
	GlobalSection(ProjectConfigurationPlatforms) = postSolution
		{ED3D5852-0E88-4B23-98B7-586E6446A533}.Debug|Any CPU.ActiveCfg = Debug|Any CPU
		{ED3D5852-0E88-4B23-98B7-586E6446A533}.Debug|Any CPU.Build.0 = Debug|Any CPU
		{ED3D5852-0E88-4B23-98B7-586E6446A533}.Release|Any CPU.ActiveCfg = Release|Any CPU
		{ED3D5852-0E88-4B23-98B7-586E6446A533}.Release|Any CPU.Build.0 = Release|Any CPU
		{DBC5B045-34DA-4F92-8E35-19FC48D19ECF}.Debug|Any CPU.ActiveCfg = Debug|Any CPU
		{DBC5B045-34DA-4F92-8E35-19FC48D19ECF}.Debug|Any CPU.Build.0 = Debug|Any CPU
		{DBC5B045-34DA-4F92-8E35-19FC48D19ECF}.Release|Any CPU.ActiveCfg = Release|Any CPU
		{DBC5B045-34DA-4F92-8E35-19FC48D19ECF}.Release|Any CPU.Build.0 = Release|Any CPU
	EndGlobalSection
	GlobalSection(SolutionProperties) = preSolution
		HideSolutionNode = FALSE
	EndGlobalSection
	GlobalSection(ExtensibilityGlobals) = postSolution
		SolutionGuid = {E0829CF1-1469-4A02-99E1-94A106C67D46}
	EndGlobalSection
EndGlobal
